
Microsoft Visual Studio Solution File, Format Version 12.00
# Visual Studio 2013
VisualStudioVersion = 12.0.31101.0
MinimumVisualStudioVersion = 10.0.40219.1
Project("{FAE04EC0-301F-11D3-BF4B-00C04F79EFBC}") = "TeddyAttack", "TeddyAttack\TeddyAttack\TeddyAttack.csproj", "{261DF06B-DC75-44FC-A9C8-F3A35F7AF8A2}"
EndProject
Project("{96E2B04D-8817-42C6-938A-82C39BA4D311}") = "TeddyAttackContent", "TeddyAttack\TeddyAttackContent\TeddyAttackContent.contentproj", "{994AFC57-11A3-4E7F-8EF4-71EE8EE43C79}"
EndProject
Global
	GlobalSection(SolutionConfigurationPlatforms) = preSolution
		Debug|x86 = Debug|x86
		Release|x86 = Release|x86
	EndGlobalSection
	GlobalSection(ProjectConfigurationPlatforms) = postSolution
		{261DF06B-DC75-44FC-A9C8-F3A35F7AF8A2}.Debug|x86.ActiveCfg = Debug|x86
		{261DF06B-DC75-44FC-A9C8-F3A35F7AF8A2}.Debug|x86.Build.0 = Debug|x86
		{261DF06B-DC75-44FC-A9C8-F3A35F7AF8A2}.Release|x86.ActiveCfg = Release|x86
		{261DF06B-DC75-44FC-A9C8-F3A35F7AF8A2}.Release|x86.Build.0 = Release|x86
		{994AFC57-11A3-4E7F-8EF4-71EE8EE43C79}.Debug|x86.ActiveCfg = Debug|x86
		{994AFC57-11A3-4E7F-8EF4-71EE8EE43C79}.Release|x86.ActiveCfg = Release|x86
	EndGlobalSection
	GlobalSection(SolutionProperties) = preSolution
		HideSolutionNode = FALSE
	EndGlobalSection
EndGlobal
